
Microsoft Visual Studio Solution File, Format Version 12.00
# Visual Studio Version 16
VisualStudioVersion = 16.0.32929.386
MinimumVisualStudioVersion = 10.0.40219.1
Project("{8BC9CEB8-8B4A-11D0-8D11-00A0C91BC942}") = "Uticnice", "Uticnice\Uticnice.vcxproj", "{510954A8-D37C-415B-9606-69A5323970BC}"
EndProject
Global
	GlobalSection(SolutionConfigurationPlatforms) = preSolution
		Debug|x64 = Debug|x64
		Debug|x86 = Debug|x86
		Release|x64 = Release|x64
		Release|x86 = Release|x86
	EndGlobalSection
	GlobalSection(ProjectConfigurationPlatforms) = postSolution
		{510954A8-D37C-415B-9606-69A5323970BC}.Debug|x64.ActiveCfg = Debug|x64
		{510954A8-D37C-415B-9606-69A5323970BC}.Debug|x64.Build.0 = Debug|x64
		{510954A8-D37C-415B-9606-69A5323970BC}.Debug|x86.ActiveCfg = Debug|Win32
		{510954A8-D37C-415B-9606-69A5323970BC}.Debug|x86.Build.0 = Debug|Win32
		{510954A8-D37C-415B-9606-69A5323970BC}.Release|x64.ActiveCfg = Release|x64
		{510954A8-D37C-415B-9606-69A5323970BC}.Release|x64.Build.0 = Release|x64
		{510954A8-D37C-415B-9606-69A5323970BC}.Release|x86.ActiveCfg = Release|Win32
		{510954A8-D37C-415B-9606-69A5323970BC}.Release|x86.Build.0 = Release|Win32
	EndGlobalSection
	GlobalSection(SolutionProperties) = preSolution
		HideSolutionNode = FALSE
	EndGlobalSection
	GlobalSection(ExtensibilityGlobals) = postSolution
		SolutionGuid = {59211A5B-A148-4B0E-BE51-9014C09C8F4A}
	EndGlobalSection
EndGlobal
